
Microsoft Visual Studio Solution File, Format Version 12.00
# Visual Studio Version 16
VisualStudioVersion = 16.0.31112.23
MinimumVisualStudioVersion = 10.0.40219.1
Project("{9A19103F-16F7-4668-BE54-9A1E7A4F7556}") = "SpringBank", "SpringBank.csproj", "{A48268F6-E356-43A2-9B38-145A17B70DB4}"
EndProject
Project("{FAE04EC0-301F-11D3-BF4B-00C04F79EFBC}") = "SpringBank.Testing", "..\SpringBank.Testing\SpringBank.Testing.csproj", "{3AFF3EAB-5760-4524-B29C-62A4CC62D3C0}"
EndProject
Global
	GlobalSection(SolutionConfigurationPlatforms) = preSolution
		Debug|Any CPU = Debug|Any CPU
		Release|Any CPU = Release|Any CPU
	EndGlobalSection
	GlobalSection(ProjectConfigurationPlatforms) = postSolution
		{A48268F6-E356-43A2-9B38-145A17B70DB4}.Debug|Any CPU.ActiveCfg = Debug|Any CPU
		{A48268F6-E356-43A2-9B38-145A17B70DB4}.Debug|Any CPU.Build.0 = Debug|Any CPU
		{A48268F6-E356-43A2-9B38-145A17B70DB4}.Release|Any CPU.ActiveCfg = Release|Any CPU
		{A48268F6-E356-43A2-9B38-145A17B70DB4}.Release|Any CPU.Build.0 = Release|Any CPU
		{3AFF3EAB-5760-4524-B29C-62A4CC62D3C0}.Debug|Any CPU.ActiveCfg = Debug|Any CPU
		{3AFF3EAB-5760-4524-B29C-62A4CC62D3C0}.Debug|Any CPU.Build.0 = Debug|Any CPU
		{3AFF3EAB-5760-4524-B29C-62A4CC62D3C0}.Release|Any CPU.ActiveCfg = Release|Any CPU
		{3AFF3EAB-5760-4524-B29C-62A4CC62D3C0}.Release|Any CPU.Build.0 = Release|Any CPU
	EndGlobalSection
	GlobalSection(SolutionProperties) = preSolution
		HideSolutionNode = FALSE
	EndGlobalSection
	GlobalSection(ExtensibilityGlobals) = postSolution
		SolutionGuid = {FA68B5C0-5A17-4B50-B277-5A026EE7D80F}
	EndGlobalSection
EndGlobal
